
Microsoft Visual Studio Solution File, Format Version 12.00
# Visual Studio Version 16
VisualStudioVersion = 16.0.29215.179
MinimumVisualStudioVersion = 10.0.40219.1
Project("{FAE04EC0-301F-11D3-BF4B-00C04F79EFBC}") = "Egreeting.Web", "Egreeting.Web\Egreeting.Web.csproj", "{3F448268-6D9D-4D78-A15E-18560775CF65}"
	ProjectSection(ProjectDependencies) = postProject
		{15EEBB3E-3AD4-4E61-AB12-DC851BC7C614} = {15EEBB3E-3AD4-4E61-AB12-DC851BC7C614}
		{8A63FF5F-677B-444B-A63A-18DB29C5B298} = {8A63FF5F-677B-444B-A63A-18DB29C5B298}
		{6FC778C6-3906-4BED-AA03-9D70F8687C21} = {6FC778C6-3906-4BED-AA03-9D70F8687C21}
		{C0AD58DE-653F-4130-BBE4-E3A29AEFDEA6} = {C0AD58DE-653F-4130-BBE4-E3A29AEFDEA6}
	EndProjectSection
EndProject
Project("{FAE04EC0-301F-11D3-BF4B-00C04F79EFBC}") = "Egreeting.Models", "Egreeting.Models\Egreeting.Models.csproj", "{15EEBB3E-3AD4-4E61-AB12-DC851BC7C614}"
	ProjectSection(ProjectDependencies) = postProject
		{8A63FF5F-677B-444B-A63A-18DB29C5B298} = {8A63FF5F-677B-444B-A63A-18DB29C5B298}
	EndProjectSection
EndProject
Project("{FAE04EC0-301F-11D3-BF4B-00C04F79EFBC}") = "Egreeting.Domain", "Egreeting.Domain\Egreeting.Domain.csproj", "{8A63FF5F-677B-444B-A63A-18DB29C5B298}"
EndProject
Project("{FAE04EC0-301F-11D3-BF4B-00C04F79EFBC}") = "Egreeting.Repository", "Egreeting.Repository\Egreeting.Repository.csproj", "{C0AD58DE-653F-4130-BBE4-E3A29AEFDEA6}"
	ProjectSection(ProjectDependencies) = postProject
		{15EEBB3E-3AD4-4E61-AB12-DC851BC7C614} = {15EEBB3E-3AD4-4E61-AB12-DC851BC7C614}
		{8A63FF5F-677B-444B-A63A-18DB29C5B298} = {8A63FF5F-677B-444B-A63A-18DB29C5B298}
	EndProjectSection
EndProject
Project("{FAE04EC0-301F-11D3-BF4B-00C04F79EFBC}") = "Egreeting.Business", "Egreeting.Business\Egreeting.Business.csproj", "{6FC778C6-3906-4BED-AA03-9D70F8687C21}"
	ProjectSection(ProjectDependencies) = postProject
		{15EEBB3E-3AD4-4E61-AB12-DC851BC7C614} = {15EEBB3E-3AD4-4E61-AB12-DC851BC7C614}
		{8A63FF5F-677B-444B-A63A-18DB29C5B298} = {8A63FF5F-677B-444B-A63A-18DB29C5B298}
		{C0AD58DE-653F-4130-BBE4-E3A29AEFDEA6} = {C0AD58DE-653F-4130-BBE4-E3A29AEFDEA6}
	EndProjectSection
EndProject
Global
	GlobalSection(SolutionConfigurationPlatforms) = preSolution
		Debug|Any CPU = Debug|Any CPU
		Release|Any CPU = Release|Any CPU
	EndGlobalSection
	GlobalSection(ProjectConfigurationPlatforms) = postSolution
		{3F448268-6D9D-4D78-A15E-18560775CF65}.Debug|Any CPU.ActiveCfg = Debug|Any CPU
		{3F448268-6D9D-4D78-A15E-18560775CF65}.Debug|Any CPU.Build.0 = Debug|Any CPU
		{3F448268-6D9D-4D78-A15E-18560775CF65}.Release|Any CPU.ActiveCfg = Release|Any CPU
		{3F448268-6D9D-4D78-A15E-18560775CF65}.Release|Any CPU.Build.0 = Release|Any CPU
		{15EEBB3E-3AD4-4E61-AB12-DC851BC7C614}.Debug|Any CPU.ActiveCfg = Debug|Any CPU
		{15EEBB3E-3AD4-4E61-AB12-DC851BC7C614}.Debug|Any CPU.Build.0 = Debug|Any CPU
		{15EEBB3E-3AD4-4E61-AB12-DC851BC7C614}.Release|Any CPU.ActiveCfg = Release|Any CPU
		{15EEBB3E-3AD4-4E61-AB12-DC851BC7C614}.Release|Any CPU.Build.0 = Release|Any CPU
		{8A63FF5F-677B-444B-A63A-18DB29C5B298}.Debug|Any CPU.ActiveCfg = Debug|Any CPU
		{8A63FF5F-677B-444B-A63A-18DB29C5B298}.Debug|Any CPU.Build.0 = Debug|Any CPU
		{8A63FF5F-677B-444B-A63A-18DB29C5B298}.Release|Any CPU.ActiveCfg = Release|Any CPU
		{8A63FF5F-677B-444B-A63A-18DB29C5B298}.Release|Any CPU.Build.0 = Release|Any CPU
		{C0AD58DE-653F-4130-BBE4-E3A29AEFDEA6}.Debug|Any CPU.ActiveCfg = Debug|Any CPU
		{C0AD58DE-653F-4130-BBE4-E3A29AEFDEA6}.Debug|Any CPU.Build.0 = Debug|Any CPU
		{C0AD58DE-653F-4130-BBE4-E3A29AEFDEA6}.Release|Any CPU.ActiveCfg = Release|Any CPU
		{C0AD58DE-653F-4130-BBE4-E3A29AEFDEA6}.Release|Any CPU.Build.0 = Release|Any CPU
		{6FC778C6-3906-4BED-AA03-9D70F8687C21}.Debug|Any CPU.ActiveCfg = Debug|Any CPU
		{6FC778C6-3906-4BED-AA03-9D70F8687C21}.Debug|Any CPU.Build.0 = Debug|Any CPU
		{6FC778C6-3906-4BED-AA03-9D70F8687C21}.Release|Any CPU.ActiveCfg = Release|Any CPU
		{6FC778C6-3906-4BED-AA03-9D70F8687C21}.Release|Any CPU.Build.0 = Release|Any CPU
	EndGlobalSection
	GlobalSection(SolutionProperties) = preSolution
		HideSolutionNode = FALSE
	EndGlobalSection
	GlobalSection(ExtensibilityGlobals) = postSolution
		SolutionGuid = {E53C33E7-735D-47EA-8048-20EC708F546A}
	EndGlobalSection
EndGlobal
